
Microsoft Visual Studio Solution File, Format Version 12.00
# Visual Studio Version 16
VisualStudioVersion = 16.0.30309.148
MinimumVisualStudioVersion = 10.0.40219.1
Project("{FAE04EC0-301F-11D3-BF4B-00C04F79EFBC}") = "TP1_ABICHON", "TP1_ABICHON\TP1_ABICHON.csproj", "{3C36D10B-9C9C-43E5-B626-2F773409E0AE}"
EndProject
Global
	GlobalSection(SolutionConfigurationPlatforms) = preSolution
		Debug|Any CPU = Debug|Any CPU
		Release|Any CPU = Release|Any CPU
	EndGlobalSection
	GlobalSection(ProjectConfigurationPlatforms) = postSolution
		{3C36D10B-9C9C-43E5-B626-2F773409E0AE}.Debug|Any CPU.ActiveCfg = Debug|Any CPU
		{3C36D10B-9C9C-43E5-B626-2F773409E0AE}.Debug|Any CPU.Build.0 = Debug|Any CPU
		{3C36D10B-9C9C-43E5-B626-2F773409E0AE}.Release|Any CPU.ActiveCfg = Release|Any CPU
		{3C36D10B-9C9C-43E5-B626-2F773409E0AE}.Release|Any CPU.Build.0 = Release|Any CPU
	EndGlobalSection
	GlobalSection(SolutionProperties) = preSolution
		HideSolutionNode = FALSE
	EndGlobalSection
	GlobalSection(ExtensibilityGlobals) = postSolution
		SolutionGuid = {B3CACC1C-AB94-40E5-B8CA-4F29D6E87DDC}
	EndGlobalSection
EndGlobal
